
Microsoft Visual Studio Solution File, Format Version 12.00
# Visual Studio 14
VisualStudioVersion = 14.0.25420.1
MinimumVisualStudioVersion = 10.0.40219.1
Project("{FAE04EC0-301F-11D3-BF4B-00C04F79EFBC}") = "Spaceship.Houston", "Spaceship.Houston\Spaceship.Houston.csproj", "{16BB95B5-FEBE-4190-9BC9-BE9CBBE9FC4F}"
EndProject
Project("{FAE04EC0-301F-11D3-BF4B-00C04F79EFBC}") = "Spaceship.Houston.Tests", "Spaceship.Houston.Tests\Spaceship.Houston.Tests.csproj", "{582F6AFB-67AC-49AF-A078-D8D8CB04BA17}"
EndProject
Global
	GlobalSection(SolutionConfigurationPlatforms) = preSolution
		Debug|Any CPU = Debug|Any CPU
		Release|Any CPU = Release|Any CPU
	EndGlobalSection
	GlobalSection(ProjectConfigurationPlatforms) = postSolution
		{16BB95B5-FEBE-4190-9BC9-BE9CBBE9FC4F}.Debug|Any CPU.ActiveCfg = Debug|Any CPU
		{16BB95B5-FEBE-4190-9BC9-BE9CBBE9FC4F}.Debug|Any CPU.Build.0 = Debug|Any CPU
		{16BB95B5-FEBE-4190-9BC9-BE9CBBE9FC4F}.Release|Any CPU.ActiveCfg = Release|Any CPU
		{16BB95B5-FEBE-4190-9BC9-BE9CBBE9FC4F}.Release|Any CPU.Build.0 = Release|Any CPU
		{582F6AFB-67AC-49AF-A078-D8D8CB04BA17}.Debug|Any CPU.ActiveCfg = Debug|Any CPU
		{582F6AFB-67AC-49AF-A078-D8D8CB04BA17}.Debug|Any CPU.Build.0 = Debug|Any CPU
		{582F6AFB-67AC-49AF-A078-D8D8CB04BA17}.Release|Any CPU.ActiveCfg = Release|Any CPU
		{582F6AFB-67AC-49AF-A078-D8D8CB04BA17}.Release|Any CPU.Build.0 = Release|Any CPU
	EndGlobalSection
	GlobalSection(SolutionProperties) = preSolution
		HideSolutionNode = FALSE
	EndGlobalSection
EndGlobal
